
Microsoft Visual Studio Solution File, Format Version 12.00
Project("{2150E333-8FDC-42A3-9474-1A3956D46DE8}") = "src", "src", "{793DCEAB-8477-4FC1-B17F-7AEB604FD0FD}"
EndProject
Project("{FAE04EC0-301F-11D3-BF4B-00C04F79EFBC}") = "MitMediator.AutoApi.Abstractions", "src\MitMediator.AutoApi.Abstractions\MitMediator.AutoApi.Abstractions.csproj", "{F52B4F89-AB15-4467-83E3-4FD839C9E6DA}"
EndProject
Project("{FAE04EC0-301F-11D3-BF4B-00C04F79EFBC}") = "MitMediator.AutoApi", "src\MitMediator.AutoApi\MitMediator.AutoApi.csproj", "{D79F4485-7C6B-4FF5-AEE6-AABCA40B6908}"
EndProject
Project("{2150E333-8FDC-42A3-9474-1A3956D46DE8}") = "samples", "samples", "{726C2BCB-ED6A-4764-A22E-BA2997B9DD10}"
EndProject
Project("{2150E333-8FDC-42A3-9474-1A3956D46DE8}") = "tests", "tests", "{FA74E0B0-7718-4DE1-9854-AD5F4CA823F2}"
EndProject
Project("{FAE04EC0-301F-11D3-BF4B-00C04F79EFBC}") = "MitMediator.AutoApi.Tests", "tests\MitMediator.AutoApi.Tests\MitMediator.AutoApi.Tests.csproj", "{5D540EB5-DB47-4101-949F-046F301E5C1B}"
EndProject
Project("{FAE04EC0-301F-11D3-BF4B-00C04F79EFBC}") = "MitMediator.AutoApi.HttpMediator", "src\MitMediator.AutoApi.HttpMediator\MitMediator.AutoApi.HttpMediator.csproj", "{B0A487AB-3CA5-46BF-9484-303E1C1CCFA9}"
EndProject
Project("{FAE04EC0-301F-11D3-BF4B-00C04F79EFBC}") = "MitMediator.AutoApi.Abstractions.Tests", "tests\MitMediator.AutoApi.Abstractions.Tests\MitMediator.AutoApi.Abstractions.Tests.csproj", "{0C8E36C6-CCD6-4C77-A920-BC693906474E}"
EndProject
Project("{FAE04EC0-301F-11D3-BF4B-00C04F79EFBC}") = "MitMediator.AutoApi.HttpMediator.Tests", "tests\MitMediator.AutoApi.HttpMediator.Tests\MitMediator.AutoApi.HttpMediator.Tests.csproj", "{7DE9EB40-810F-48AB-8EFA-CD5D3F261444}"
EndProject
Project("{2150E333-8FDC-42A3-9474-1A3956D46DE8}") = "SmokeTest", "SmokeTest", "{1E3B279B-F442-4607-BC76-05498F249FD0}"
EndProject
Project("{FAE04EC0-301F-11D3-BF4B-00C04F79EFBC}") = "SmokeTestWebApi", "samples\SmokeTest\SmokeTestWebApi\SmokeTestWebApi.csproj", "{21278E03-D04A-47AE-A82C-D12DDE51E39F}"
EndProject
Project("{FAE04EC0-301F-11D3-BF4B-00C04F79EFBC}") = "SmokeTestClient", "samples\SmokeTest\SmokeTestClient\SmokeTestClient.csproj", "{BA3A699F-9DD3-4EB0-9FC5-4206D7EF5CD5}"
EndProject
Project("{2150E333-8FDC-42A3-9474-1A3956D46DE8}") = "BooksCatalog", "BooksCatalog", "{90E53BBE-6C20-4A9E-B01C-2AE719785DE2}"
EndProject
Project("{2150E333-8FDC-42A3-9474-1A3956D46DE8}") = "Server", "Server", "{4FEAEA8F-41B1-4277-A48E-425D59693243}"
EndProject
Project("{FAE04EC0-301F-11D3-BF4B-00C04F79EFBC}") = "BooksCatalog.Domain", "samples\BooksCatalog\Server\BooksCatalog.Domain\BooksCatalog.Domain.csproj", "{838A4724-932D-4E5D-8D33-E705D9D67814}"
EndProject
Project("{FAE04EC0-301F-11D3-BF4B-00C04F79EFBC}") = "BooksCatalog.Application", "samples\BooksCatalog\Server\BooksCatalog.Application\BooksCatalog.Application.csproj", "{2DDFCEE1-4966-48BC-ABAF-8BECB7A6FC1F}"
EndProject
Project("{FAE04EC0-301F-11D3-BF4B-00C04F79EFBC}") = "BooksCatalog.Infrastructure", "samples\BooksCatalog\Server\BooksCatalog.Infrastructure\BooksCatalog.Infrastructure.csproj", "{37C26FAE-F77F-4C0B-9AB1-9E214D018B5A}"
EndProject
Project("{FAE04EC0-301F-11D3-BF4B-00C04F79EFBC}") = "BooksCatalog.WebApi", "samples\BooksCatalog\Server\BooksCatalog.WebApi\BooksCatalog.WebApi.csproj", "{5A393897-225F-4CB7-B57D-57CA32A2544E}"
EndProject
Project("{FAE04EC0-301F-11D3-BF4B-00C04F79EFBC}") = "BooksCatalogConsoleClient", "samples\BooksCatalog\BooksCatalogConsoleClient\BooksCatalogConsoleClient.csproj", "{2AA7C18A-0757-41B8-9C33-7EA7DA9A2130}"
EndProject
Global
	GlobalSection(SolutionConfigurationPlatforms) = preSolution
		Debug|Any CPU = Debug|Any CPU
		Release|Any CPU = Release|Any CPU
	EndGlobalSection
	GlobalSection(ProjectConfigurationPlatforms) = postSolution
		{F52B4F89-AB15-4467-83E3-4FD839C9E6DA}.Debug|Any CPU.ActiveCfg = Debug|Any CPU
		{F52B4F89-AB15-4467-83E3-4FD839C9E6DA}.Debug|Any CPU.Build.0 = Debug|Any CPU
		{F52B4F89-AB15-4467-83E3-4FD839C9E6DA}.Release|Any CPU.ActiveCfg = Release|Any CPU
		{F52B4F89-AB15-4467-83E3-4FD839C9E6DA}.Release|Any CPU.Build.0 = Release|Any CPU
		{D79F4485-7C6B-4FF5-AEE6-AABCA40B6908}.Debug|Any CPU.ActiveCfg = Debug|Any CPU
		{D79F4485-7C6B-4FF5-AEE6-AABCA40B6908}.Debug|Any CPU.Build.0 = Debug|Any CPU
		{D79F4485-7C6B-4FF5-AEE6-AABCA40B6908}.Release|Any CPU.ActiveCfg = Release|Any CPU
		{D79F4485-7C6B-4FF5-AEE6-AABCA40B6908}.Release|Any CPU.Build.0 = Release|Any CPU
		{5D540EB5-DB47-4101-949F-046F301E5C1B}.Debug|Any CPU.ActiveCfg = Debug|Any CPU
		{5D540EB5-DB47-4101-949F-046F301E5C1B}.Debug|Any CPU.Build.0 = Debug|Any CPU
		{5D540EB5-DB47-4101-949F-046F301E5C1B}.Release|Any CPU.ActiveCfg = Release|Any CPU
		{5D540EB5-DB47-4101-949F-046F301E5C1B}.Release|Any CPU.Build.0 = Release|Any CPU
		{B0A487AB-3CA5-46BF-9484-303E1C1CCFA9}.Debug|Any CPU.ActiveCfg = Debug|Any CPU
		{B0A487AB-3CA5-46BF-9484-303E1C1CCFA9}.Debug|Any CPU.Build.0 = Debug|Any CPU
		{B0A487AB-3CA5-46BF-9484-303E1C1CCFA9}.Release|Any CPU.ActiveCfg = Release|Any CPU
		{B0A487AB-3CA5-46BF-9484-303E1C1CCFA9}.Release|Any CPU.Build.0 = Release|Any CPU
		{0C8E36C6-CCD6-4C77-A920-BC693906474E}.Debug|Any CPU.ActiveCfg = Debug|Any CPU
		{0C8E36C6-CCD6-4C77-A920-BC693906474E}.Debug|Any CPU.Build.0 = Debug|Any CPU
		{0C8E36C6-CCD6-4C77-A920-BC693906474E}.Release|Any CPU.ActiveCfg = Release|Any CPU
		{0C8E36C6-CCD6-4C77-A920-BC693906474E}.Release|Any CPU.Build.0 = Release|Any CPU
		{7DE9EB40-810F-48AB-8EFA-CD5D3F261444}.Debug|Any CPU.ActiveCfg = Debug|Any CPU
		{7DE9EB40-810F-48AB-8EFA-CD5D3F261444}.Debug|Any CPU.Build.0 = Debug|Any CPU
		{7DE9EB40-810F-48AB-8EFA-CD5D3F261444}.Release|Any CPU.ActiveCfg = Release|Any CPU
		{7DE9EB40-810F-48AB-8EFA-CD5D3F261444}.Release|Any CPU.Build.0 = Release|Any CPU
		{21278E03-D04A-47AE-A82C-D12DDE51E39F}.Debug|Any CPU.ActiveCfg = Debug|Any CPU
		{21278E03-D04A-47AE-A82C-D12DDE51E39F}.Debug|Any CPU.Build.0 = Debug|Any CPU
		{21278E03-D04A-47AE-A82C-D12DDE51E39F}.Release|Any CPU.ActiveCfg = Release|Any CPU
		{21278E03-D04A-47AE-A82C-D12DDE51E39F}.Release|Any CPU.Build.0 = Release|Any CPU
		{BA3A699F-9DD3-4EB0-9FC5-4206D7EF5CD5}.Debug|Any CPU.ActiveCfg = Debug|Any CPU
		{BA3A699F-9DD3-4EB0-9FC5-4206D7EF5CD5}.Debug|Any CPU.Build.0 = Debug|Any CPU
		{BA3A699F-9DD3-4EB0-9FC5-4206D7EF5CD5}.Release|Any CPU.ActiveCfg = Release|Any CPU
		{BA3A699F-9DD3-4EB0-9FC5-4206D7EF5CD5}.Release|Any CPU.Build.0 = Release|Any CPU
		{838A4724-932D-4E5D-8D33-E705D9D67814}.Debug|Any CPU.ActiveCfg = Debug|Any CPU
		{838A4724-932D-4E5D-8D33-E705D9D67814}.Debug|Any CPU.Build.0 = Debug|Any CPU
		{838A4724-932D-4E5D-8D33-E705D9D67814}.Release|Any CPU.ActiveCfg = Release|Any CPU
		{838A4724-932D-4E5D-8D33-E705D9D67814}.Release|Any CPU.Build.0 = Release|Any CPU
		{2DDFCEE1-4966-48BC-ABAF-8BECB7A6FC1F}.Debug|Any CPU.ActiveCfg = Debug|Any CPU
		{2DDFCEE1-4966-48BC-ABAF-8BECB7A6FC1F}.Debug|Any CPU.Build.0 = Debug|Any CPU
		{2DDFCEE1-4966-48BC-ABAF-8BECB7A6FC1F}.Release|Any CPU.ActiveCfg = Release|Any CPU
		{2DDFCEE1-4966-48BC-ABAF-8BECB7A6FC1F}.Release|Any CPU.Build.0 = Release|Any CPU
		{37C26FAE-F77F-4C0B-9AB1-9E214D018B5A}.Debug|Any CPU.ActiveCfg = Debug|Any CPU
		{37C26FAE-F77F-4C0B-9AB1-9E214D018B5A}.Debug|Any CPU.Build.0 = Debug|Any CPU
		{37C26FAE-F77F-4C0B-9AB1-9E214D018B5A}.Release|Any CPU.ActiveCfg = Release|Any CPU
		{37C26FAE-F77F-4C0B-9AB1-9E214D018B5A}.Release|Any CPU.Build.0 = Release|Any CPU
		{5A393897-225F-4CB7-B57D-57CA32A2544E}.Debug|Any CPU.ActiveCfg = Debug|Any CPU
		{5A393897-225F-4CB7-B57D-57CA32A2544E}.Debug|Any CPU.Build.0 = Debug|Any CPU
		{5A393897-225F-4CB7-B57D-57CA32A2544E}.Release|Any CPU.ActiveCfg = Release|Any CPU
		{5A393897-225F-4CB7-B57D-57CA32A2544E}.Release|Any CPU.Build.0 = Release|Any CPU
		{2AA7C18A-0757-41B8-9C33-7EA7DA9A2130}.Debug|Any CPU.ActiveCfg = Debug|Any CPU
		{2AA7C18A-0757-41B8-9C33-7EA7DA9A2130}.Debug|Any CPU.Build.0 = Debug|Any CPU
		{2AA7C18A-0757-41B8-9C33-7EA7DA9A2130}.Release|Any CPU.ActiveCfg = Release|Any CPU
		{2AA7C18A-0757-41B8-9C33-7EA7DA9A2130}.Release|Any CPU.Build.0 = Release|Any CPU
	EndGlobalSection
	GlobalSection(NestedProjects) = preSolution
		{F52B4F89-AB15-4467-83E3-4FD839C9E6DA} = {793DCEAB-8477-4FC1-B17F-7AEB604FD0FD}
		{D79F4485-7C6B-4FF5-AEE6-AABCA40B6908} = {793DCEAB-8477-4FC1-B17F-7AEB604FD0FD}
		{5D540EB5-DB47-4101-949F-046F301E5C1B} = {FA74E0B0-7718-4DE1-9854-AD5F4CA823F2}
		{B0A487AB-3CA5-46BF-9484-303E1C1CCFA9} = {793DCEAB-8477-4FC1-B17F-7AEB604FD0FD}
		{0C8E36C6-CCD6-4C77-A920-BC693906474E} = {FA74E0B0-7718-4DE1-9854-AD5F4CA823F2}
		{7DE9EB40-810F-48AB-8EFA-CD5D3F261444} = {FA74E0B0-7718-4DE1-9854-AD5F4CA823F2}
		{1E3B279B-F442-4607-BC76-05498F249FD0} = {726C2BCB-ED6A-4764-A22E-BA2997B9DD10}
		{21278E03-D04A-47AE-A82C-D12DDE51E39F} = {1E3B279B-F442-4607-BC76-05498F249FD0}
		{BA3A699F-9DD3-4EB0-9FC5-4206D7EF5CD5} = {1E3B279B-F442-4607-BC76-05498F249FD0}
		{90E53BBE-6C20-4A9E-B01C-2AE719785DE2} = {726C2BCB-ED6A-4764-A22E-BA2997B9DD10}
		{4FEAEA8F-41B1-4277-A48E-425D59693243} = {90E53BBE-6C20-4A9E-B01C-2AE719785DE2}
		{838A4724-932D-4E5D-8D33-E705D9D67814} = {4FEAEA8F-41B1-4277-A48E-425D59693243}
		{2DDFCEE1-4966-48BC-ABAF-8BECB7A6FC1F} = {4FEAEA8F-41B1-4277-A48E-425D59693243}
		{37C26FAE-F77F-4C0B-9AB1-9E214D018B5A} = {4FEAEA8F-41B1-4277-A48E-425D59693243}
		{5A393897-225F-4CB7-B57D-57CA32A2544E} = {4FEAEA8F-41B1-4277-A48E-425D59693243}
		{2AA7C18A-0757-41B8-9C33-7EA7DA9A2130} = {90E53BBE-6C20-4A9E-B01C-2AE719785DE2}
	EndGlobalSection
EndGlobal
